
Microsoft Visual Studio Solution File, Format Version 12.00
# Visual Studio 2012
Project("{FAE04EC0-301F-11D3-BF4B-00C04F79EFBC}") = "WSDemo.Server", "WSDemo.Server\WSDemo.Server.csproj", "{2CB3379C-B009-4F73-B9F6-7F582FFE4523}"
EndProject
Project("{FAE04EC0-301F-11D3-BF4B-00C04F79EFBC}") = "WSDemo.Client.Win", "WSDemo.Client.Win\WSDemo.Client.Win.csproj", "{AD712CA7-B97E-4877-ACCA-79F9C214F261}"
EndProject
Global
	GlobalSection(SolutionConfigurationPlatforms) = preSolution
		Debug|Any CPU = Debug|Any CPU
		Release|Any CPU = Release|Any CPU
	EndGlobalSection
	GlobalSection(ProjectConfigurationPlatforms) = postSolution
		{2CB3379C-B009-4F73-B9F6-7F582FFE4523}.Debug|Any CPU.ActiveCfg = Debug|Any CPU
		{2CB3379C-B009-4F73-B9F6-7F582FFE4523}.Debug|Any CPU.Build.0 = Debug|Any CPU
		{2CB3379C-B009-4F73-B9F6-7F582FFE4523}.Release|Any CPU.ActiveCfg = Release|Any CPU
		{2CB3379C-B009-4F73-B9F6-7F582FFE4523}.Release|Any CPU.Build.0 = Release|Any CPU
		{AD712CA7-B97E-4877-ACCA-79F9C214F261}.Debug|Any CPU.ActiveCfg = Debug|Any CPU
		{AD712CA7-B97E-4877-ACCA-79F9C214F261}.Debug|Any CPU.Build.0 = Debug|Any CPU
		{AD712CA7-B97E-4877-ACCA-79F9C214F261}.Release|Any CPU.ActiveCfg = Release|Any CPU
		{AD712CA7-B97E-4877-ACCA-79F9C214F261}.Release|Any CPU.Build.0 = Release|Any CPU
	EndGlobalSection
	GlobalSection(SolutionProperties) = preSolution
		HideSolutionNode = FALSE
	EndGlobalSection
EndGlobal
